
Microsoft Visual Studio Solution File, Format Version 12.00
# Visual Studio 15
VisualStudioVersion = 15.0.26206.0
MinimumVisualStudioVersion = 10.0.40219.1
Project("{9092AA53-FB77-4645-B42D-1CCCA6BD08BD}") = "Lab4", "Lab4\Lab4.njsproj", "{53AC63EF-72A6-4480-AC37-F603A3E91B25}"
EndProject
Project("{9092AA53-FB77-4645-B42D-1CCCA6BD08BD}") = "Lab6", "Lab6\Lab6.njsproj", "{835634C1-B5E1-424E-A881-42D9F289109E}"
EndProject
Global
	GlobalSection(SolutionConfigurationPlatforms) = preSolution
		Debug|Any CPU = Debug|Any CPU
		Release|Any CPU = Release|Any CPU
	EndGlobalSection
	GlobalSection(ProjectConfigurationPlatforms) = postSolution
		{53AC63EF-72A6-4480-AC37-F603A3E91B25}.Debug|Any CPU.ActiveCfg = Debug|Any CPU
		{53AC63EF-72A6-4480-AC37-F603A3E91B25}.Debug|Any CPU.Build.0 = Debug|Any CPU
		{53AC63EF-72A6-4480-AC37-F603A3E91B25}.Release|Any CPU.ActiveCfg = Release|Any CPU
		{53AC63EF-72A6-4480-AC37-F603A3E91B25}.Release|Any CPU.Build.0 = Release|Any CPU
		{835634C1-B5E1-424E-A881-42D9F289109E}.Debug|Any CPU.ActiveCfg = Debug|Any CPU
		{835634C1-B5E1-424E-A881-42D9F289109E}.Debug|Any CPU.Build.0 = Debug|Any CPU
		{835634C1-B5E1-424E-A881-42D9F289109E}.Release|Any CPU.ActiveCfg = Release|Any CPU
		{835634C1-B5E1-424E-A881-42D9F289109E}.Release|Any CPU.Build.0 = Release|Any CPU
	EndGlobalSection
	GlobalSection(SolutionProperties) = preSolution
		HideSolutionNode = FALSE
	EndGlobalSection
EndGlobal
